
Microsoft Visual Studio Solution File, Format Version 12.00
# Visual Studio Version 16
VisualStudioVersion = 16.0.29306.81
MinimumVisualStudioVersion = 10.0.40219.1
Project("{FAE04EC0-301F-11D3-BF4B-00C04F79EFBC}") = "Assessment_2_2", "Assessment_2_2.csproj", "{43EBBF74-E437-4B56-8144-76FB902D1E49}"
EndProject
Global
	GlobalSection(SolutionConfigurationPlatforms) = preSolution
		Debug|Any CPU = Debug|Any CPU
		Release|Any CPU = Release|Any CPU
	EndGlobalSection
	GlobalSection(ProjectConfigurationPlatforms) = postSolution
		{43EBBF74-E437-4B56-8144-76FB902D1E49}.Debug|Any CPU.ActiveCfg = Debug|Any CPU
		{43EBBF74-E437-4B56-8144-76FB902D1E49}.Debug|Any CPU.Build.0 = Debug|Any CPU
		{43EBBF74-E437-4B56-8144-76FB902D1E49}.Release|Any CPU.ActiveCfg = Release|Any CPU
		{43EBBF74-E437-4B56-8144-76FB902D1E49}.Release|Any CPU.Build.0 = Release|Any CPU
	EndGlobalSection
	GlobalSection(SolutionProperties) = preSolution
		HideSolutionNode = FALSE
	EndGlobalSection
	GlobalSection(ExtensibilityGlobals) = postSolution
		SolutionGuid = {E6A1D065-D975-43F0-8284-51818E50A872}
	EndGlobalSection
EndGlobal
