
Microsoft Visual Studio Solution File, Format Version 12.00
# Visual Studio Version 16
VisualStudioVersion = 16.0.29306.81
MinimumVisualStudioVersion = 10.0.40219.1
Project("{FAE04EC0-301F-11D3-BF4B-00C04F79EFBC}") = "Calculations", "Calculations.csproj", "{7633DF68-C4B8-4E33-90EC-6F39CFA368F9}"
EndProject
Global
	GlobalSection(SolutionConfigurationPlatforms) = preSolution
		Debug|Any CPU = Debug|Any CPU
		Release|Any CPU = Release|Any CPU
	EndGlobalSection
	GlobalSection(ProjectConfigurationPlatforms) = postSolution
		{7633DF68-C4B8-4E33-90EC-6F39CFA368F9}.Debug|Any CPU.ActiveCfg = Debug|Any CPU
		{7633DF68-C4B8-4E33-90EC-6F39CFA368F9}.Debug|Any CPU.Build.0 = Debug|Any CPU
		{7633DF68-C4B8-4E33-90EC-6F39CFA368F9}.Release|Any CPU.ActiveCfg = Release|Any CPU
		{7633DF68-C4B8-4E33-90EC-6F39CFA368F9}.Release|Any CPU.Build.0 = Release|Any CPU
	EndGlobalSection
	GlobalSection(SolutionProperties) = preSolution
		HideSolutionNode = FALSE
	EndGlobalSection
	GlobalSection(ExtensibilityGlobals) = postSolution
		SolutionGuid = {1E5EA91B-2E93-444F-A890-C4549E79AF97}
	EndGlobalSection
EndGlobal
